{
  "name": "ci-cep",
  "version": "1.1.0",
  "lockfileVersion": 2,
  "requires": true,
  "packages": {
    "": {
      "name": "ci-cep",
      "version": "1.1.0",
      "license": "MIT",
      "dependencies": {
        "ci-cep": "^1.1.0"
      }
    },
    "node_modules/ci-cep": {
      "version": "1.1.0",
      "resolved": "https://registry.npmjs.org/ci-cep/-/ci-cep-1.1.0.tgz",
      "integrity": "sha512-EEXSy4fwg+iIvP6lsL1RF4rnolzFm8Ra0F5GJFoeHR6J1X95pyYA8VS3w5CHaXIeR70iyYBGuvITbuv5mswyWQ=="
    }
  },
  "dependencies": {
    "ci-cep": {
      "version": "1.1.0",
      "resolved": "https://registry.npmjs.org/ci-cep/-/ci-cep-1.1.0.tgz",
      "integrity": "sha512-EEXSy4fwg+iIvP6lsL1RF4rnolzFm8Ra0F5GJFoeHR6J1X95pyYA8VS3w5CHaXIeR70iyYBGuvITbuv5mswyWQ=="
    }
  }
}
